
Microsoft Visual Studio Solution File, Format Version 12.00
# Visual Studio Version 17
VisualStudioVersion = 17.0.31903.59
MinimumVisualStudioVersion = 10.0.40219.1
Project("{2150E333-8FDC-42A3-9474-1A3956D46DE8}") = "src", "src", "{827E0CD3-B72D-47B6-A68D-7590B98EB39B}"
EndProject
Project("{FAE04EC0-301F-11D3-BF4B-00C04F79EFBC}") = "Videohosting.Host", "src\Videohosting.Host\Videohosting.Host.csproj", "{FE01D986-28D8-4BE4-A8E9-DF34EEC4F19D}"
EndProject
Project("{2150E333-8FDC-42A3-9474-1A3956D46DE8}") = "solution-files", "solution-files", "{661C9DFA-CEB5-48A6-B616-5E8BF18E2306}"
	ProjectSection(SolutionItems) = preProject
		..\.gitignore = ..\.gitignore
		..\README.md = ..\README.md
	EndProjectSection
EndProject
Project("{FAE04EC0-301F-11D3-BF4B-00C04F79EFBC}") = "Videohosting.Domain", "src\Videohosting.Domain\Videohosting.Domain.csproj", "{939942C3-7634-408F-8A01-46C4D1911F56}"
EndProject
Global
	GlobalSection(SolutionConfigurationPlatforms) = preSolution
		Debug|Any CPU = Debug|Any CPU
		Debug|x64 = Debug|x64
		Debug|x86 = Debug|x86
		Release|Any CPU = Release|Any CPU
		Release|x64 = Release|x64
		Release|x86 = Release|x86
	EndGlobalSection
	GlobalSection(ProjectConfigurationPlatforms) = postSolution
		{FE01D986-28D8-4BE4-A8E9-DF34EEC4F19D}.Debug|Any CPU.ActiveCfg = Debug|Any CPU
		{FE01D986-28D8-4BE4-A8E9-DF34EEC4F19D}.Debug|Any CPU.Build.0 = Debug|Any CPU
		{FE01D986-28D8-4BE4-A8E9-DF34EEC4F19D}.Debug|x64.ActiveCfg = Debug|Any CPU
		{FE01D986-28D8-4BE4-A8E9-DF34EEC4F19D}.Debug|x64.Build.0 = Debug|Any CPU
		{FE01D986-28D8-4BE4-A8E9-DF34EEC4F19D}.Debug|x86.ActiveCfg = Debug|Any CPU
		{FE01D986-28D8-4BE4-A8E9-DF34EEC4F19D}.Debug|x86.Build.0 = Debug|Any CPU
		{FE01D986-28D8-4BE4-A8E9-DF34EEC4F19D}.Release|Any CPU.ActiveCfg = Release|Any CPU
		{FE01D986-28D8-4BE4-A8E9-DF34EEC4F19D}.Release|Any CPU.Build.0 = Release|Any CPU
		{FE01D986-28D8-4BE4-A8E9-DF34EEC4F19D}.Release|x64.ActiveCfg = Release|Any CPU
		{FE01D986-28D8-4BE4-A8E9-DF34EEC4F19D}.Release|x64.Build.0 = Release|Any CPU
		{FE01D986-28D8-4BE4-A8E9-DF34EEC4F19D}.Release|x86.ActiveCfg = Release|Any CPU
		{FE01D986-28D8-4BE4-A8E9-DF34EEC4F19D}.Release|x86.Build.0 = Release|Any CPU
		{939942C3-7634-408F-8A01-46C4D1911F56}.Debug|Any CPU.ActiveCfg = Debug|Any CPU
		{939942C3-7634-408F-8A01-46C4D1911F56}.Debug|Any CPU.Build.0 = Debug|Any CPU
		{939942C3-7634-408F-8A01-46C4D1911F56}.Debug|x64.ActiveCfg = Debug|Any CPU
		{939942C3-7634-408F-8A01-46C4D1911F56}.Debug|x64.Build.0 = Debug|Any CPU
		{939942C3-7634-408F-8A01-46C4D1911F56}.Debug|x86.ActiveCfg = Debug|Any CPU
		{939942C3-7634-408F-8A01-46C4D1911F56}.Debug|x86.Build.0 = Debug|Any CPU
		{939942C3-7634-408F-8A01-46C4D1911F56}.Release|Any CPU.ActiveCfg = Release|Any CPU
		{939942C3-7634-408F-8A01-46C4D1911F56}.Release|Any CPU.Build.0 = Release|Any CPU
		{939942C3-7634-408F-8A01-46C4D1911F56}.Release|x64.ActiveCfg = Release|Any CPU
		{939942C3-7634-408F-8A01-46C4D1911F56}.Release|x64.Build.0 = Release|Any CPU
		{939942C3-7634-408F-8A01-46C4D1911F56}.Release|x86.ActiveCfg = Release|Any CPU
		{939942C3-7634-408F-8A01-46C4D1911F56}.Release|x86.Build.0 = Release|Any CPU
	EndGlobalSection
	GlobalSection(SolutionProperties) = preSolution
		HideSolutionNode = FALSE
	EndGlobalSection
	GlobalSection(NestedProjects) = preSolution
		{FE01D986-28D8-4BE4-A8E9-DF34EEC4F19D} = {827E0CD3-B72D-47B6-A68D-7590B98EB39B}
		{939942C3-7634-408F-8A01-46C4D1911F56} = {827E0CD3-B72D-47B6-A68D-7590B98EB39B}
	EndGlobalSection
EndGlobal
